
Microsoft Visual Studio Solution File, Format Version 12.00
# Visual Studio Version 17
VisualStudioVersion = 17.11.35303.130
MinimumVisualStudioVersion = 10.0.40219.1
Project("{2150E333-8FDC-42A3-9474-1A3956D46DE8}") = "Task0", "Task0", "{2395C459-B1E3-45B0-A237-E762E3F3FEF0}"
EndProject
Project("{2150E333-8FDC-42A3-9474-1A3956D46DE8}") = "Task1", "Task1", "{E511AB36-8C2D-4349-B617-DB142AFE0F3D}"
EndProject
Project("{2150E333-8FDC-42A3-9474-1A3956D46DE8}") = "Task2", "Task2", "{ABD83EDB-0BD0-4A27-8F79-FA82FA0AABB9}"
EndProject
Project("{2150E333-8FDC-42A3-9474-1A3956D46DE8}") = "Task3", "Task3", "{25E37A6E-7A4E-482E-A136-E28FFF849656}"
EndProject
Project("{2150E333-8FDC-42A3-9474-1A3956D46DE8}") = "Task4", "Task4", "{7C3349BF-0C03-46BA-9FAF-0E3E650D17FE}"
EndProject
Project("{2150E333-8FDC-42A3-9474-1A3956D46DE8}") = "Task5", "Task5", "{3AC377AF-1D53-462B-80B4-F5DEAF075957}"
EndProject
Project("{2150E333-8FDC-42A3-9474-1A3956D46DE8}") = "Task6", "Task6", "{35B9A7C2-AC9C-45C6-AD06-C41F857EB595}"
EndProject
Project("{2150E333-8FDC-42A3-9474-1A3956D46DE8}") = "Task7", "Task7", "{175AA829-1301-42F4-9C03-548DBEFC86E5}"
EndProject
Project("{FAE04EC0-301F-11D3-BF4B-00C04F79EFBC}") = "Tyuiu.SeledkovNP.Sprint5.Task0.V6", "Tyuiu.SeledkovNP.Sprint5.Task0.V6\Tyuiu.SeledkovNP.Sprint5.Task0.V6.csproj", "{B3DBAD0C-D599-4709-82EA-19CBC2BD6090}"
EndProject
Project("{FAE04EC0-301F-11D3-BF4B-00C04F79EFBC}") = "Tyuiu.SeledkovNP.Sprint5.Task0.V6.Lib", "Tyuiu.SeledkovNP.Sprint5.Task0.V6.Lib\Tyuiu.SeledkovNP.Sprint5.Task0.V6.Lib.csproj", "{77EBB8CA-E39D-44E9-A300-137518C5F4D5}"
EndProject
Project("{FAE04EC0-301F-11D3-BF4B-00C04F79EFBC}") = "Tyuiu.SeledkovNP.Sprint5.Task0.V6.Test", "Tyuiu.SeledkovNP.Sprint5.Task0.V6.Test\Tyuiu.SeledkovNP.Sprint5.Task0.V6.Test.csproj", "{C9DAD5B3-7884-4279-8483-C5C08A1523A2}"
EndProject
Project("{FAE04EC0-301F-11D3-BF4B-00C04F79EFBC}") = "Tyuiu.SeledkovNP.Sprint5.Task1.V24", "Tyuiu.SeledkovNP.Sprint5.Task1.V24\Tyuiu.SeledkovNP.Sprint5.Task1.V24.csproj", "{67CDE7EF-393E-4D3F-B188-731F72C96821}"
EndProject
Project("{FAE04EC0-301F-11D3-BF4B-00C04F79EFBC}") = "Tyuiu.SeledkovNP.Sprint5.Task1.V24.Lib", "Tyuiu.SeledkovNP.Sprint5.Task1.V24.Lib\Tyuiu.SeledkovNP.Sprint5.Task1.V24.Lib.csproj", "{E0E24869-E1E2-4808-8433-EED34D19FFFA}"
EndProject
Project("{FAE04EC0-301F-11D3-BF4B-00C04F79EFBC}") = "Tyuiu.SeledkovNP.Sprint5.Task1.V24.Test", "Tyuiu.SeledkovNP.Sprint5.Task1.V24.Test\Tyuiu.SeledkovNP.Sprint5.Task1.V24.Test.csproj", "{856066F5-0C85-4712-B953-990DC5BFB6D6}"
EndProject
Project("{FAE04EC0-301F-11D3-BF4B-00C04F79EFBC}") = "Tyuiu.SeledkovNP.Sprint5.Task2.V18", "Tyuiu.SeledkovNP.Sprint5.Task2.V18\Tyuiu.SeledkovNP.Sprint5.Task2.V18.csproj", "{6F53A432-7A64-435F-9F02-92C7F64149DF}"
EndProject
Project("{FAE04EC0-301F-11D3-BF4B-00C04F79EFBC}") = "Tyuiu.SeledkovNP.Sprint5.Task2.V18.Lib", "Tyuiu.SeledkovNP.Sprint5.Task2.V18.Lib\Tyuiu.SeledkovNP.Sprint5.Task2.V18.Lib.csproj", "{C1D9C53F-A2BD-46C0-A7F7-BF0FAF6098E3}"
EndProject
Project("{FAE04EC0-301F-11D3-BF4B-00C04F79EFBC}") = "Tyuiu.SeledkovNP.Sprint5.Task2.V18.Test", "Tyuiu.SeledkovNP.Sprint5.Task2.V18.Test\Tyuiu.SeledkovNP.Sprint5.Task2.V18.Test.csproj", "{FF19EF52-6926-4746-B67A-0F6484308A99}"
EndProject
Project("{FAE04EC0-301F-11D3-BF4B-00C04F79EFBC}") = "Tyuiu.SeledkovNP.Sprint5.Task3.V16", "Tyuiu.SeledkovNP.Sprint5.Task3.V16\Tyuiu.SeledkovNP.Sprint5.Task3.V16.csproj", "{8AC7C2CA-E6AD-47C2-83E7-018E654D62D1}"
EndProject
Project("{FAE04EC0-301F-11D3-BF4B-00C04F79EFBC}") = "Tyuiu.SeledkovNP.Sprint5.Task3.V16.Lib", "Tyuiu.SeledkovNP.Sprint5.Task3.V16.Lib\Tyuiu.SeledkovNP.Sprint5.Task3.V16.Lib.csproj", "{969C3F2B-074B-4653-A049-783B4D65FFD6}"
EndProject
Project("{FAE04EC0-301F-11D3-BF4B-00C04F79EFBC}") = "Tyuiu.SeledkovNP.Sprint5.Task3.V16.Test", "Tyuiu.SeledkovNP.Sprint5.Task3.V16.Test\Tyuiu.SeledkovNP.Sprint5.Task3.V16.Test.csproj", "{9A0304E7-F761-4A32-A7F9-42D3CC69465A}"
EndProject
Project("{FAE04EC0-301F-11D3-BF4B-00C04F79EFBC}") = "Tyuiu.SeledkovNP.Sprint5.Task4.V26", "Tyuiu.SeledkovNP.Sprint5.Task4.V26\Tyuiu.SeledkovNP.Sprint5.Task4.V26.csproj", "{12D7F5AC-0136-4F01-A3F3-03937D2E74D3}"
EndProject
Project("{FAE04EC0-301F-11D3-BF4B-00C04F79EFBC}") = "Tyuiu.SeledkovNP.Sprint5.Task4.V26.Lib", "Tyuiu.SeledkovNP.Sprint5.Task4.V26.Lib\Tyuiu.SeledkovNP.Sprint5.Task4.V26.Lib.csproj", "{2C0B97EE-2A0F-414A-94FE-E88C1DDD94C5}"
EndProject
Project("{FAE04EC0-301F-11D3-BF4B-00C04F79EFBC}") = "Tyuiu.SeledkovNP.Sprint5.Task4.V26.Test", "Tyuiu.SeledkovNP.Sprint5.Task4.V26.Test\Tyuiu.SeledkovNP.Sprint5.Task4.V26.Test.csproj", "{C32909CC-39B6-47D0-AA46-544B0C6F5B74}"
EndProject
Global
	GlobalSection(SolutionConfigurationPlatforms) = preSolution
		Debug|Any CPU = Debug|Any CPU
		Release|Any CPU = Release|Any CPU
	EndGlobalSection
	GlobalSection(ProjectConfigurationPlatforms) = postSolution
		{B3DBAD0C-D599-4709-82EA-19CBC2BD6090}.Debug|Any CPU.ActiveCfg = Debug|Any CPU
		{B3DBAD0C-D599-4709-82EA-19CBC2BD6090}.Debug|Any CPU.Build.0 = Debug|Any CPU
		{B3DBAD0C-D599-4709-82EA-19CBC2BD6090}.Release|Any CPU.ActiveCfg = Release|Any CPU
		{B3DBAD0C-D599-4709-82EA-19CBC2BD6090}.Release|Any CPU.Build.0 = Release|Any CPU
		{77EBB8CA-E39D-44E9-A300-137518C5F4D5}.Debug|Any CPU.ActiveCfg = Debug|Any CPU
		{77EBB8CA-E39D-44E9-A300-137518C5F4D5}.Debug|Any CPU.Build.0 = Debug|Any CPU
		{77EBB8CA-E39D-44E9-A300-137518C5F4D5}.Release|Any CPU.ActiveCfg = Release|Any CPU
		{77EBB8CA-E39D-44E9-A300-137518C5F4D5}.Release|Any CPU.Build.0 = Release|Any CPU
		{C9DAD5B3-7884-4279-8483-C5C08A1523A2}.Debug|Any CPU.ActiveCfg = Debug|Any CPU
		{C9DAD5B3-7884-4279-8483-C5C08A1523A2}.Debug|Any CPU.Build.0 = Debug|Any CPU
		{C9DAD5B3-7884-4279-8483-C5C08A1523A2}.Release|Any CPU.ActiveCfg = Release|Any CPU
		{C9DAD5B3-7884-4279-8483-C5C08A1523A2}.Release|Any CPU.Build.0 = Release|Any CPU
		{67CDE7EF-393E-4D3F-B188-731F72C96821}.Debug|Any CPU.ActiveCfg = Debug|Any CPU
		{67CDE7EF-393E-4D3F-B188-731F72C96821}.Debug|Any CPU.Build.0 = Debug|Any CPU
		{67CDE7EF-393E-4D3F-B188-731F72C96821}.Release|Any CPU.ActiveCfg = Release|Any CPU
		{67CDE7EF-393E-4D3F-B188-731F72C96821}.Release|Any CPU.Build.0 = Release|Any CPU
		{E0E24869-E1E2-4808-8433-EED34D19FFFA}.Debug|Any CPU.ActiveCfg = Debug|Any CPU
		{E0E24869-E1E2-4808-8433-EED34D19FFFA}.Debug|Any CPU.Build.0 = Debug|Any CPU
		{E0E24869-E1E2-4808-8433-EED34D19FFFA}.Release|Any CPU.ActiveCfg = Release|Any CPU
		{E0E24869-E1E2-4808-8433-EED34D19FFFA}.Release|Any CPU.Build.0 = Release|Any CPU
		{856066F5-0C85-4712-B953-990DC5BFB6D6}.Debug|Any CPU.ActiveCfg = Debug|Any CPU
		{856066F5-0C85-4712-B953-990DC5BFB6D6}.Debug|Any CPU.Build.0 = Debug|Any CPU
		{856066F5-0C85-4712-B953-990DC5BFB6D6}.Release|Any CPU.ActiveCfg = Release|Any CPU
		{856066F5-0C85-4712-B953-990DC5BFB6D6}.Release|Any CPU.Build.0 = Release|Any CPU
		{6F53A432-7A64-435F-9F02-92C7F64149DF}.Debug|Any CPU.ActiveCfg = Debug|Any CPU
		{6F53A432-7A64-435F-9F02-92C7F64149DF}.Debug|Any CPU.Build.0 = Debug|Any CPU
		{6F53A432-7A64-435F-9F02-92C7F64149DF}.Release|Any CPU.ActiveCfg = Release|Any CPU
		{6F53A432-7A64-435F-9F02-92C7F64149DF}.Release|Any CPU.Build.0 = Release|Any CPU
		{C1D9C53F-A2BD-46C0-A7F7-BF0FAF6098E3}.Debug|Any CPU.ActiveCfg = Debug|Any CPU
		{C1D9C53F-A2BD-46C0-A7F7-BF0FAF6098E3}.Debug|Any CPU.Build.0 = Debug|Any CPU
		{C1D9C53F-A2BD-46C0-A7F7-BF0FAF6098E3}.Release|Any CPU.ActiveCfg = Release|Any CPU
		{C1D9C53F-A2BD-46C0-A7F7-BF0FAF6098E3}.Release|Any CPU.Build.0 = Release|Any CPU
		{FF19EF52-6926-4746-B67A-0F6484308A99}.Debug|Any CPU.ActiveCfg = Debug|Any CPU
		{FF19EF52-6926-4746-B67A-0F6484308A99}.Debug|Any CPU.Build.0 = Debug|Any CPU
		{FF19EF52-6926-4746-B67A-0F6484308A99}.Release|Any CPU.ActiveCfg = Release|Any CPU
		{FF19EF52-6926-4746-B67A-0F6484308A99}.Release|Any CPU.Build.0 = Release|Any CPU
		{8AC7C2CA-E6AD-47C2-83E7-018E654D62D1}.Debug|Any CPU.ActiveCfg = Debug|Any CPU
		{8AC7C2CA-E6AD-47C2-83E7-018E654D62D1}.Debug|Any CPU.Build.0 = Debug|Any CPU
		{8AC7C2CA-E6AD-47C2-83E7-018E654D62D1}.Release|Any CPU.ActiveCfg = Release|Any CPU
		{8AC7C2CA-E6AD-47C2-83E7-018E654D62D1}.Release|Any CPU.Build.0 = Release|Any CPU
		{969C3F2B-074B-4653-A049-783B4D65FFD6}.Debug|Any CPU.ActiveCfg = Debug|Any CPU
		{969C3F2B-074B-4653-A049-783B4D65FFD6}.Debug|Any CPU.Build.0 = Debug|Any CPU
		{969C3F2B-074B-4653-A049-783B4D65FFD6}.Release|Any CPU.ActiveCfg = Release|Any CPU
		{969C3F2B-074B-4653-A049-783B4D65FFD6}.Release|Any CPU.Build.0 = Release|Any CPU
		{9A0304E7-F761-4A32-A7F9-42D3CC69465A}.Debug|Any CPU.ActiveCfg = Debug|Any CPU
		{9A0304E7-F761-4A32-A7F9-42D3CC69465A}.Debug|Any CPU.Build.0 = Debug|Any CPU
		{9A0304E7-F761-4A32-A7F9-42D3CC69465A}.Release|Any CPU.ActiveCfg = Release|Any CPU
		{9A0304E7-F761-4A32-A7F9-42D3CC69465A}.Release|Any CPU.Build.0 = Release|Any CPU
		{12D7F5AC-0136-4F01-A3F3-03937D2E74D3}.Debug|Any CPU.ActiveCfg = Debug|Any CPU
		{12D7F5AC-0136-4F01-A3F3-03937D2E74D3}.Debug|Any CPU.Build.0 = Debug|Any CPU
		{12D7F5AC-0136-4F01-A3F3-03937D2E74D3}.Release|Any CPU.ActiveCfg = Release|Any CPU
		{12D7F5AC-0136-4F01-A3F3-03937D2E74D3}.Release|Any CPU.Build.0 = Release|Any CPU
		{2C0B97EE-2A0F-414A-94FE-E88C1DDD94C5}.Debug|Any CPU.ActiveCfg = Debug|Any CPU
		{2C0B97EE-2A0F-414A-94FE-E88C1DDD94C5}.Debug|Any CPU.Build.0 = Debug|Any CPU
		{2C0B97EE-2A0F-414A-94FE-E88C1DDD94C5}.Release|Any CPU.ActiveCfg = Release|Any CPU
		{2C0B97EE-2A0F-414A-94FE-E88C1DDD94C5}.Release|Any CPU.Build.0 = Release|Any CPU
		{C32909CC-39B6-47D0-AA46-544B0C6F5B74}.Debug|Any CPU.ActiveCfg = Debug|Any CPU
		{C32909CC-39B6-47D0-AA46-544B0C6F5B74}.Debug|Any CPU.Build.0 = Debug|Any CPU
		{C32909CC-39B6-47D0-AA46-544B0C6F5B74}.Release|Any CPU.ActiveCfg = Release|Any CPU
		{C32909CC-39B6-47D0-AA46-544B0C6F5B74}.Release|Any CPU.Build.0 = Release|Any CPU
	EndGlobalSection
	GlobalSection(SolutionProperties) = preSolution
		HideSolutionNode = FALSE
	EndGlobalSection
	GlobalSection(NestedProjects) = preSolution
		{B3DBAD0C-D599-4709-82EA-19CBC2BD6090} = {2395C459-B1E3-45B0-A237-E762E3F3FEF0}
		{77EBB8CA-E39D-44E9-A300-137518C5F4D5} = {2395C459-B1E3-45B0-A237-E762E3F3FEF0}
		{C9DAD5B3-7884-4279-8483-C5C08A1523A2} = {2395C459-B1E3-45B0-A237-E762E3F3FEF0}
		{67CDE7EF-393E-4D3F-B188-731F72C96821} = {E511AB36-8C2D-4349-B617-DB142AFE0F3D}
		{E0E24869-E1E2-4808-8433-EED34D19FFFA} = {E511AB36-8C2D-4349-B617-DB142AFE0F3D}
		{856066F5-0C85-4712-B953-990DC5BFB6D6} = {E511AB36-8C2D-4349-B617-DB142AFE0F3D}
		{6F53A432-7A64-435F-9F02-92C7F64149DF} = {ABD83EDB-0BD0-4A27-8F79-FA82FA0AABB9}
		{C1D9C53F-A2BD-46C0-A7F7-BF0FAF6098E3} = {ABD83EDB-0BD0-4A27-8F79-FA82FA0AABB9}
		{FF19EF52-6926-4746-B67A-0F6484308A99} = {ABD83EDB-0BD0-4A27-8F79-FA82FA0AABB9}
		{8AC7C2CA-E6AD-47C2-83E7-018E654D62D1} = {25E37A6E-7A4E-482E-A136-E28FFF849656}
		{969C3F2B-074B-4653-A049-783B4D65FFD6} = {25E37A6E-7A4E-482E-A136-E28FFF849656}
		{9A0304E7-F761-4A32-A7F9-42D3CC69465A} = {25E37A6E-7A4E-482E-A136-E28FFF849656}
		{12D7F5AC-0136-4F01-A3F3-03937D2E74D3} = {7C3349BF-0C03-46BA-9FAF-0E3E650D17FE}
		{2C0B97EE-2A0F-414A-94FE-E88C1DDD94C5} = {7C3349BF-0C03-46BA-9FAF-0E3E650D17FE}
		{C32909CC-39B6-47D0-AA46-544B0C6F5B74} = {7C3349BF-0C03-46BA-9FAF-0E3E650D17FE}
	EndGlobalSection
	GlobalSection(ExtensibilityGlobals) = postSolution
		SolutionGuid = {E5CA6F05-5BF4-4C72-9FAC-9EB3E1F37446}
	EndGlobalSection
EndGlobal
